
Microsoft Visual Studio Solution File, Format Version 12.00
# Visual Studio Version 17
VisualStudioVersion = 17.10.35122.118
MinimumVisualStudioVersion = 10.0.40219.1
Project("{FAE04EC0-301F-11D3-BF4B-00C04F79EFBC}") = "MyWebAPI", "MyWebAPI\MyWebAPI.csproj", "{AF92172B-0A72-46F6-BE36-92035519B59E}"
EndProject
Global
	GlobalSection(SolutionConfigurationPlatforms) = preSolution
		Debug|Any CPU = Debug|Any CPU
		Release|Any CPU = Release|Any CPU
	EndGlobalSection
	GlobalSection(ProjectConfigurationPlatforms) = postSolution
		{AF92172B-0A72-46F6-BE36-92035519B59E}.Debug|Any CPU.ActiveCfg = Debug|Any CPU
		{AF92172B-0A72-46F6-BE36-92035519B59E}.Debug|Any CPU.Build.0 = Debug|Any CPU
		{AF92172B-0A72-46F6-BE36-92035519B59E}.Release|Any CPU.ActiveCfg = Release|Any CPU
		{AF92172B-0A72-46F6-BE36-92035519B59E}.Release|Any CPU.Build.0 = Release|Any CPU
	EndGlobalSection
	GlobalSection(SolutionProperties) = preSolution
		HideSolutionNode = FALSE
	EndGlobalSection
	GlobalSection(ExtensibilityGlobals) = postSolution
		SolutionGuid = {BA11274A-46F7-4E0F-911D-C9F7357D4E38}
	EndGlobalSection
EndGlobal
